// !$*UTF8*$!
{
	archiveVersion = 1;
	classes = {
	};
	objectVersion = 50;
	objects = {

/* Begin PBXBuildFile section */
		FC09822522E7EE35002B502F /* AppDelegate.swift in Sources */ = {isa = PBXBuildFile; fileRef = FC09822422E7EE35002B502F /* AppDelegate.swift */; };
		FC09822722E7EE35002B502F /* ViewController.swift in Sources */ = {isa = PBXBuildFile; fileRef = FC09822622E7EE35002B502F /* ViewController.swift */; };
		FC09822A22E7EE35002B502F /* Main.storyboard in Resources */ = {isa = PBXBuildFile; fileRef = FC09822822E7EE35002B502F /* Main.storyboard */; };
		FC09822C22E7EE35002B502F /* Assets.xcassets in Resources */ = {isa = PBXBuildFile; fileRef = FC09822B22E7EE35002B502F /* Assets.xcassets */; };
		FC09822F22E7EE35002B502F /* LaunchScreen.storyboard in Resources */ = {isa = PBXBuildFile; fileRef = FC09822D22E7EE35002B502F /* LaunchScreen.storyboard */; };
		FC09823A22E7EE35002B502F /* Test_BitriseTests.swift in Sources */ = {isa = PBXBuildFile; fileRef = FC09823922E7EE35002B502F /* Test_BitriseTests.swift */; };
		FC09824522E7EE35002B502F /* Test_BitriseUITests.swift in Sources */ = {isa = PBXBuildFile; fileRef = FC09824422E7EE35002B502F /* Test_BitriseUITests.swift */; };
/* End PBXBuildFile section */

/* Begin PBXContainerItemProxy section */
		FC09823622E7EE35002B502F /* PBXContainerItemProxy */ = {
			isa = PBXContainerItemProxy;
			containerPortal = FC09821922E7EE35002B502F /* Project object */;
			proxyType = 1;
			remoteGlobalIDString = FC09822022E7EE35002B502F;
			remoteInfo = "Test Bitrise";
		};
		FC09824122E7EE35002B502F /* PBXContainerItemProxy */ = {
			isa = PBXContainerItemProxy;
			containerPortal = FC09821922E7EE35002B502F /* Project object */;
			proxyType = 1;
			remoteGlobalIDString = FC09822022E7EE35002B502F;
			remoteInfo = "Test Bitrise";
		};
/* End PBXContainerItemProxy section */

/* Begin PBXFileReference section */
		FC09822122E7EE35002B502F /* Test Bitrise.app */ = {isa = PBXFileReference; explicitFileType = wrapper.application; includeInIndex = 0; path = "Test Bitrise.app"; sourceTree = BUILT_PRODUCTS_DIR; };
		FC09822422E7EE35002B502F /* AppDelegate.swift */ = {isa = PBXFileReference; lastKnownFileType = sourcecode.swift; path = AppDelegate.swift; sourceTree = "<group>"; };
		FC09822622E7EE35002B502F /* ViewController.swift */ = {isa = PBXFileReference; lastKnownFileType = sourcecode.swift; path = ViewController.swift; sourceTree = "<group>"; };
		FC09822922E7EE35002B502F /* Base */ = {isa = PBXFileReference; lastKnownFileType = file.storyboard; name = Base; path = Base.lproj/Main.storyboard; sourceTree = "<group>"; };
		FC09822B22E7EE35002B502F /* Assets.xcassets */ = {isa = PBXFileReference; lastKnownFileType = folder.assetcatalog; path = Assets.xcassets; sourceTree = "<group>"; };
		FC09822E22E7EE35002B502F /* Base */ = {isa = PBXFileReference; lastKnownFileType = file.storyboard; name = Base; path = Base.lproj/LaunchScreen.storyboard; sourceTree = "<group>"; };
		FC09823022E7EE35002B502F /* Info.plist */ = {isa = PBXFileReference; lastKnownFileType = text.plist.xml; path = Info.plist; sourceTree = "<group>"; };
		FC09823522E7EE35002B502F /* Test BitriseTests.xctest */ = {isa = PBXFileReference; explicitFileType = wrapper.cfbundle; includeInIndex = 0; path = "Test BitriseTests.xctest"; sourceTree = BUILT_PRODUCTS_DIR; };
		FC09823922E7EE35002B502F /* Test_BitriseTests.swift */ = {isa = PBXFileReference; lastKnownFileType = sourcecode.swift; path = Test_BitriseTests.swift; sourceTree = "<group>"; };
		FC09823B22E7EE35002B502F /* Info.plist */ = {isa = PBXFileReference; lastKnownFileType = text.plist.xml; path = Info.plist; sourceTree = "<group>"; };
		FC09824022E7EE35002B502F /* Test BitriseUITests.xctest */ = {isa = PBXFileReference; explicitFileType = wrapper.cfbundle; includeInIndex = 0; path = "Test BitriseUITests.xctest"; sourceTree = BUILT_PRODUCTS_DIR; };
		FC09824422E7EE35002B502F /* Test_BitriseUITests.swift */ = {isa = PBXFileReference; lastKnownFileType = sourcecode.swift; path = Test_BitriseUITests.swift; sourceTree = "<group>"; };
		FC09824622E7EE35002B502F /* Info.plist */ = {isa = PBXFileReference; lastKnownFileType = text.plist.xml; path = Info.plist; sourceTree = "<group>"; };
/* End PBXFileReference section */

/* Begin PBXFrameworksBuildPhase section */
		FC09821E22E7EE35002B502F /* Frameworks */ = {
			isa = PBXFrameworksBuildPhase;
			buildActionMask = 2147483647;
			files = (
			);
			runOnlyForDeploymentPostprocessing = 0;
		};
		FC09823222E7EE35002B502F /* Frameworks */ = {
			isa = PBXFrameworksBuildPhase;
			buildActionMask = 2147483647;
			files = (
			);
			runOnlyForDeploymentPostprocessing = 0;
		};
		FC09823D22E7EE35002B502F /* Frameworks */ = {
			isa = PBXFrameworksBuildPhase;
			buildActionMask = 2147483647;
			files = (
			);
			runOnlyForDeploymentPostprocessing = 0;
		};
/* End PBXFrameworksBuildPhase section */

/* Begin PBXGroup section */
		FC09821822E7EE35002B502F = {
			isa = PBXGroup;
			children = (
				FC09822322E7EE35002B502F /* Test Bitrise */,
				FC09823822E7EE35002B502F /* Test BitriseTests */,
				FC09824322E7EE35002B502F /* Test BitriseUITests */,
				FC09822222E7EE35002B502F /* Products */,
			);
			sourceTree = "<group>";
		};
		FC09822222E7EE35002B502F /* Products */ = {
			isa = PBXGroup;
			children = (
				FC09822122E7EE35002B502F /* Test Bitrise.app */,
				FC09823522E7EE35002B502F /* Test BitriseTests.xctest */,
				FC09824022E7EE35002B502F /* Test BitriseUITests.xctest */,
			);
			name = Products;
			sourceTree = "<group>";
		};
		FC09822322E7EE35002B502F /* Test Bitrise */ = {
			isa = PBXGroup;
			children = (
				FC09822422E7EE35002B502F /* AppDelegate.swift */,
				FC09822622E7EE35002B502F /* ViewController.swift */,
				FC09822822E7EE35002B502F /* Main.storyboard */,
				FC09822B22E7EE35002B502F /* Assets.xcassets */,
				FC09822D22E7EE35002B502F /* LaunchScreen.storyboard */,
				FC09823022E7EE35002B502F /* Info.plist */,
			);
			path = "Test Bitrise";
			sourceTree = "<group>";
		};
		FC09823822E7EE35002B502F /* Test BitriseTests */ = {
			isa = PBXGroup;
			children = (
				FC09823922E7EE35002B502F /* Test_BitriseTests.swift */,
				FC09823B22E7EE35002B502F /* Info.plist */,
			);
			path = "Test BitriseTests";
			sourceTree = "<group>";
		};
		FC09824322E7EE35002B502F /* Test BitriseUITests */ = {
			isa = PBXGroup;
			children = (
				FC09824422E7EE35002B502F /* Test_BitriseUITests.swift */,
				FC09824622E7EE35002B502F /* Info.plist */,
			);
			path = "Test BitriseUITests";
			sourceTree = "<group>";
		};
/* End PBXGroup section */

/* Begin PBXNativeTarget section */
		FC09822022E7EE35002B502F /* Test Bitrise */ = {
			isa = PBXNativeTarget;
			buildConfigurationList = FC09824922E7EE35002B502F /* Build configuration list for PBXNativeTarget "Test Bitrise" */;
			buildPhases = (
				FC09821D22E7EE35002B502F /* Sources */,
				FC09821E22E7EE35002B502F /* Frameworks */,
				FC09821F22E7EE35002B502F /* Resources */,
			);
			buildRules = (
			);
			dependencies = (
			);
			name = "Test Bitrise";
			productName = "Test Bitrise";
			productReference = FC09822122E7EE35002B502F /* Test Bitrise.app */;
			productType = "com.apple.product-type.application";
		};
		FC09823422E7EE35002B502F /* Test BitriseTests */ = {
			isa = PBXNativeTarget;
			buildConfigurationList = FC09824C22E7EE35002B502F /* Build configuration list for PBXNativeTarget "Test BitriseTests" */;
			buildPhases = (
				FC09823122E7EE35002B502F /* Sources */,
				FC09823222E7EE35002B502F /* Frameworks */,
				FC09823322E7EE35002B502F /* Resources */,
			);
			buildRules = (
			);
			dependencies = (
				FC09823722E7EE35002B502F /* PBXTargetDependency */,
			);
			name = "Test BitriseTests";
			productName = "Test BitriseTests";
			productReference = FC09823522E7EE35002B502F /* Test BitriseTests.xctest */;
			productType = "com.apple.product-type.bundle.unit-test";
		};
		FC09823F22E7EE35002B502F /* Test BitriseUITests */ = {
			isa = PBXNativeTarget;
			buildConfigurationList = FC09824F22E7EE35002B502F /* Build configuration list for PBXNativeTarget "Test BitriseUITests" */;
			buildPhases = (
				FC09823C22E7EE35002B502F /* Sources */,
				FC09823D22E7EE35002B502F /* Frameworks */,
				FC09823E22E7EE35002B502F /* Resources */,
			);
			buildRules = (
			);
			dependencies = (
				FC09824222E7EE35002B502F /* PBXTargetDependency */,
			);
			name = "Test BitriseUITests";
			productName = "Test BitriseUITests";
			productReference = FC09824022E7EE35002B502F /* Test BitriseUITests.xctest */;
			productType = "com.apple.product-type.bundle.ui-testing";
		};
/* End PBXNativeTarget section */

/* Begin PBXProject section */
		FC09821922E7EE35002B502F /* Project object */ = {
			isa = PBXProject;
			attributes = {
				LastSwiftUpdateCheck = 1020;
				LastUpgradeCheck = 1020;
				ORGANIZATIONNAME = "斎藤克哉";
				TargetAttributes = {
					FC09822022E7EE35002B502F = {
						CreatedOnToolsVersion = 10.2.1;
					};
					FC09823422E7EE35002B502F = {
						CreatedOnToolsVersion = 10.2.1;
						TestTargetID = FC09822022E7EE35002B502F;
					};
					FC09823F22E7EE35002B502F = {
						CreatedOnToolsVersion = 10.2.1;
						TestTargetID = FC09822022E7EE35002B502F;
					};
				};
			};
			buildConfigurationList = FC09821C22E7EE35002B502F /* Build configuration list for PBXProject "Test Bitrise" */;
			compatibilityVersion = "Xcode 9.3";
			developmentRegion = en;
			hasScannedForEncodings = 0;
			knownRegions = (
				en,
				Base,
			);
			mainGroup = FC09821822E7EE35002B502F;
			productRefGroup = FC09822222E7EE35002B502F /* Products */;
			projectDirPath = "";
			projectRoot = "";
			targets = (
				FC09822022E7EE35002B502F /* Test Bitrise */,
				FC09823422E7EE35002B502F /* Test BitriseTests */,
				FC09823F22E7EE35002B502F /* Test BitriseUITests */,
			);
		};
/* End PBXProject section */

/* Begin PBXResourcesBuildPhase section */
		FC09821F22E7EE35002B502F /* Resources */ = {
			isa = PBXResourcesBuildPhase;
			buildActionMask = 2147483647;
			files = (
				FC09822F22E7EE35002B502F /* LaunchScreen.storyboard in Resources */,
				FC09822C22E7EE35002B502F /* Assets.xcassets in Resources */,
				FC09822A22E7EE35002B502F /* Main.storyboard in Resources */,
			);
			runOnlyForDeploymentPostprocessing = 0;
		};
		FC09823322E7EE35002B502F /* Resources */ = {
			isa = PBXResourcesBuildPhase;
			buildActionMask = 2147483647;
			files = (
			);
			runOnlyForDeploymentPostprocessing = 0;
		};
		FC09823E22E7EE35002B502F /* Resources */ = {
			isa = PBXResourcesBuildPhase;
			buildActionMask = 2147483647;
			files = (
			);
			runOnlyForDeploymentPostprocessing = 0;
		};
/* End PBXResourcesBuildPhase section */

/* Begin PBXSourcesBuildPhase section */
		FC09821D22E7EE35002B502F /* Sources */ = {
			isa = PBXSourcesBuildPhase;
			buildActionMask = 2147483647;
			files = (
				FC09822722E7EE35002B502F /* ViewController.swift in Sources */,
				FC09822522E7EE35002B502F /* AppDelegate.swift in Sources */,
			);
			runOnlyForDeploymentPostprocessing = 0;
		};
		FC09823122E7EE35002B502F /* Sources */ = {
			isa = PBXSourcesBuildPhase;
			buildActionMask = 2147483647;
			files = (
				FC09823A22E7EE35002B502F /* Test_BitriseTests.swift in Sources */,
			);
			runOnlyForDeploymentPostprocessing = 0;
		};
		FC09823C22E7EE35002B502F /* Sources */ = {
			isa = PBXSourcesBuildPhase;
			buildActionMask = 2147483647;
			files = (
				FC09824522E7EE35002B502F /* Test_BitriseUITests.swift in Sources */,
			);
			runOnlyForDeploymentPostprocessing = 0;
		};
/* End PBXSourcesBuildPhase section */

/* Begin PBXTargetDependency section */
		FC09823722E7EE35002B502F /* PBXTargetDependency */ = {
			isa = PBXTargetDependency;
			target = FC09822022E7EE35002B502F /* Test Bitrise */;
			targetProxy = FC09823622E7EE35002B502F /* PBXContainerItemProxy */;
		};
		FC09824222E7EE35002B502F /* PBXTargetDependency */ = {
			isa = PBXTargetDependency;
			target = FC09822022E7EE35002B502F /* Test Bitrise */;
			targetProxy = FC09824122E7EE35002B502F /* PBXContainerItemProxy */;
		};
/* End PBXTargetDependency section */

/* Begin PBXVariantGroup section */
		FC09822822E7EE35002B502F /* Main.storyboard */ = {
			isa = PBXVariantGroup;
			children = (
				FC09822922E7EE35002B502F /* Base */,
			);
			name = Main.storyboard;
			sourceTree = "<group>";
		};
		FC09822D22E7EE35002B502F /* LaunchScreen.storyboard */ = {
			isa = PBXVariantGroup;
			children = (
				FC09822E22E7EE35002B502F /* Base */,
			);
			name = LaunchScreen.storyboard;
			sourceTree = "<group>";
		};
/* End PBXVariantGroup section */

/* Begin XCBuildConfiguration section */
		FC09824722E7EE35002B502F /* Debug */ = {
			isa = XCBuildConfiguration;
			buildSettings = {
				ALWAYS_SEARCH_USER_PATHS = NO;
				CLANG_ANALYZER_NONNULL = YES;
				CLANG_ANALYZER_NUMBER_OBJECT_CONVERSION = YES_AGGRESSIVE;
				CLANG_CXX_LANGUAGE_STANDARD = "gnu++14";
				CLANG_CXX_LIBRARY = "libc++";
				CLANG_ENABLE_MODULES = YES;
				CLANG_ENABLE_OBJC_ARC = YES;
				CLANG_ENABLE_OBJC_WEAK = YES;
				CLANG_WARN_BLOCK_CAPTURE_AUTORELEASING = YES;
				CLANG_WARN_BOOL_CONVERSION = YES;
				CLANG_WARN_COMMA = YES;
				CLANG_WARN_CONSTANT_CONVERSION = YES;
				CLANG_WARN_DEPRECATED_OBJC_IMPLEMENTATIONS = YES;
				CLANG_WARN_DIRECT_OBJC_ISA_USAGE = YES_ERROR;
				CLANG_WARN_DOCUMENTATION_COMMENTS = YES;
				CLANG_WARN_EMPTY_BODY = YES;
				CLANG_WARN_ENUM_CONVERSION = YES;
				CLANG_WARN_INFINITE_RECURSION = YES;
				CLANG_WARN_INT_CONVERSION = YES;
				CLANG_WARN_NON_LITERAL_NULL_CONVERSION = YES;
				CLANG_WARN_OBJC_IMPLICIT_RETAIN_SELF = YES;
				CLANG_WARN_OBJC_LITERAL_CONVERSION = YES;
				CLANG_WARN_OBJC_ROOT_CLASS = YES_ERROR;
				CLANG_WARN_RANGE_LOOP_ANALYSIS = YES;
				CLANG_WARN_STRICT_PROTOTYPES = YES;
				CLANG_WARN_SUSPICIOUS_MOVE = YES;
				CLANG_WARN_UNGUARDED_AVAILABILITY = YES_AGGRESSIVE;
				CLANG_WARN_UNREACHABLE_CODE = YES;
				CLANG_WARN__DUPLICATE_METHOD_MATCH = YES;
				CODE_SIGN_IDENTITY = "iPhone Developer";
				COPY_PHASE_STRIP = NO;
				DEBUG_INFORMATION_FORMAT = dwarf;
				ENABLE_STRICT_OBJC_MSGSEND = YES;
				ENABLE_TESTABILITY = YES;
				GCC_C_LANGUAGE_STANDARD = gnu11;
				GCC_DYNAMIC_NO_PIC = NO;
				GCC_NO_COMMON_BLOCKS = YES;
				GCC_OPTIMIZATION_LEVEL = 0;
				GCC_PREPROCESSOR_DEFINITIONS = (
					"DEBUG=1",
					"$(inherited)",
				);
				GCC_WARN_64_TO_32_BIT_CONVERSION = YES;
				GCC_WARN_ABOUT_RETURN_TYPE = YES_ERROR;
				GCC_WARN_UNDECLARED_SELECTOR = YES;
				GCC_WARN_UNINITIALIZED_AUTOS = YES_AGGRESSIVE;
				GCC_WARN_UNUSED_FUNCTION = YES;
				GCC_WARN_UNUSED_VARIABLE = YES;
				IPHONEOS_DEPLOYMENT_TARGET = 12.2;
				MTL_ENABLE_DEBUG_INFO = INCLUDE_SOURCE;
				MTL_FAST_MATH = YES;
				ONLY_ACTIVE_ARCH = YES;
				SDKROOT = iphoneos;
				SWIFT_ACTIVE_COMPILATION_CONDITIONS = DEBUG;
				SWIFT_OPTIMIZATION_LEVEL = "-Onone";
			};
			name = Debug;
		};
		FC09824822E7EE35002B502F /* Release */ = {
			isa = XCBuildConfiguration;
			buildSettings = {
				ALWAYS_SEARCH_USER_PATHS = NO;
				CLANG_ANALYZER_NONNULL = YES;
				CLANG_ANALYZER_NUMBER_OBJECT_CONVERSION = YES_AGGRESSIVE;
				CLANG_CXX_LANGUAGE_STANDARD = "gnu++14";
				CLANG_CXX_LIBRARY = "libc++";
				CLANG_ENABLE_MODULES = YES;
				CLANG_ENABLE_OBJC_ARC = YES;
				CLANG_ENABLE_OBJC_WEAK = YES;
				CLANG_WARN_BLOCK_CAPTURE_AUTORELEASING = YES;
				CLANG_WARN_BOOL_CONVERSION = YES;
				CLANG_WARN_COMMA = YES;
				CLANG_WARN_CONSTANT_CONVERSION = YES;
				CLANG_WARN_DEPRECATED_OBJC_IMPLEMENTATIONS = YES;
				CLANG_WARN_DIRECT_OBJC_ISA_USAGE = YES_ERROR;
				CLANG_WARN_DOCUMENTATION_COMMENTS = YES;
				CLANG_WARN_EMPTY_BODY = YES;
				CLANG_WARN_ENUM_CONVERSION = YES;
				CLANG_WARN_INFINITE_RECURSION = YES;
				CLANG_WARN_INT_CONVERSION = YES;
				CLANG_WARN_NON_LITERAL_NULL_CONVERSION = YES;
				CLANG_WARN_OBJC_IMPLICIT_RETAIN_SELF = YES;
				CLANG_WARN_OBJC_LITERAL_CONVERSION = YES;
				CLANG_WARN_OBJC_ROOT_CLASS = YES_ERROR;
				CLANG_WARN_RANGE_LOOP_ANALYSIS = YES;
				CLANG_WARN_STRICT_PROTOTYPES = YES;
				CLANG_WARN_SUSPICIOUS_MOVE = YES;
				CLANG_WARN_UNGUARDED_AVAILABILITY = YES_AGGRESSIVE;
				CLANG_WARN_UNREACHABLE_CODE = YES;
				CLANG_WARN__DUPLICATE_METHOD_MATCH = YES;
				CODE_SIGN_IDENTITY = "iPhone Developer";
				COPY_PHASE_STRIP = NO;
				DEBUG_INFORMATION_FORMAT = "dwarf-with-dsym";
				ENABLE_NS_ASSERTIONS = NO;
				ENABLE_STRICT_OBJC_MSGSEND = YES;
				GCC_C_LANGUAGE_STANDARD = gnu11;
				GCC_NO_COMMON_BLOCKS = YES;
				GCC_WARN_64_TO_32_BIT_CONVERSION = YES;
				GCC_WARN_ABOUT_RETURN_TYPE = YES_ERROR;
				GCC_WARN_UNDECLARED_SELECTOR = YES;
				GCC_WARN_UNINITIALIZED_AUTOS = YES_AGGRESSIVE;
				GCC_WARN_UNUSED_FUNCTION = YES;
				GCC_WARN_UNUSED_VARIABLE = YES;
				IPHONEOS_DEPLOYMENT_TARGET = 12.2;
				MTL_ENABLE_DEBUG_INFO = NO;
				MTL_FAST_MATH = YES;
				SDKROOT = iphoneos;
				SWIFT_COMPILATION_MODE = wholemodule;
				SWIFT_OPTIMIZATION_LEVEL = "-O";
				VALIDATE_PRODUCT = YES;
			};
			name = Release;
		};
		FC09824A22E7EE35002B502F /* Debug */ = {
			isa = XCBuildConfiguration;
			buildSettings = {
				ASSETCATALOG_COMPILER_APPICON_NAME = AppIcon;
				CODE_SIGN_STYLE = Automatic;
				DEVELOPMENT_TEAM = R3WNY975WB;
				INFOPLIST_FILE = "Test Bitrise/Info.plist";
				LD_RUNPATH_SEARCH_PATHS = (
					"$(inherited)",
					"@executable_path/Frameworks",
				);
				PRODUCT_BUNDLE_IDENTIFIER = "com.example.someone.Test-Bitrise";
				PRODUCT_NAME = "$(TARGET_NAME)";
				SWIFT_VERSION = 5.0;
				TARGETED_DEVICE_FAMILY = "1,2";
			};
			name = Debug;
		};
		FC09824B22E7EE35002B502F /* Release */ = {
			isa = XCBuildConfiguration;
			buildSettings = {
				ASSETCATALOG_COMPILER_APPICON_NAME = AppIcon;
				CODE_SIGN_STYLE = Automatic;
				DEVELOPMENT_TEAM = R3WNY975WB;
				INFOPLIST_FILE = "Test Bitrise/Info.plist";
				LD_RUNPATH_SEARCH_PATHS = (
					"$(inherited)",
					"@executable_path/Frameworks",
				);
				PRODUCT_BUNDLE_IDENTIFIER = "com.example.someone.Test-Bitrise";
				PRODUCT_NAME = "$(TARGET_NAME)";
				SWIFT_VERSION = 5.0;
				TARGETED_DEVICE_FAMILY = "1,2";
			};
			name = Release;
		};
		FC09824D22E7EE35002B502F /* Debug */ = {
			isa = XCBuildConfiguration;
			buildSettings = {
				ALWAYS_EMBED_SWIFT_STANDARD_LIBRARIES = YES;
				BUNDLE_LOADER = "$(TEST_HOST)";
				CODE_SIGN_STYLE = Automatic;
				DEVELOPMENT_TEAM = R3WNY975WB;
				INFOPLIST_FILE = "Test BitriseTests/Info.plist";
				LD_RUNPATH_SEARCH_PATHS = (
					"$(inherited)",
					"@executable_path/Frameworks",
					"@loader_path/Frameworks",
				);
				PRODUCT_BUNDLE_IDENTIFIER = "com.example.someone.Test-BitriseTests";
				PRODUCT_NAME = "$(TARGET_NAME)";
				SWIFT_VERSION = 5.0;
				TARGETED_DEVICE_FAMILY = "1,2";
				TEST_HOST = "$(BUILT_PRODUCTS_DIR)/Test Bitrise.app/Test Bitrise";
			};
			name = Debug;
		};
		FC09824E22E7EE35002B502F /* Release */ = {
			isa = XCBuildConfiguration;
			buildSettings = {
				ALWAYS_EMBED_SWIFT_STANDARD_LIBRARIES = YES;
				BUNDLE_LOADER = "$(TEST_HOST)";
				CODE_SIGN_STYLE = Automatic;
				DEVELOPMENT_TEAM = R3WNY975WB;
				INFOPLIST_FILE = "Test BitriseTests/Info.plist";
				LD_RUNPATH_SEARCH_PATHS = (
					"$(inherited)",
					"@executable_path/Frameworks",
					"@loader_path/Frameworks",
				);
				PRODUCT_BUNDLE_IDENTIFIER = "com.example.someone.Test-BitriseTests";
				PRODUCT_NAME = "$(TARGET_NAME)";
				SWIFT_VERSION = 5.0;
				TARGETED_DEVICE_FAMILY = "1,2";
				TEST_HOST = "$(BUILT_PRODUCTS_DIR)/Test Bitrise.app/Test Bitrise";
			};
			name = Release;
		};
		FC09825022E7EE35002B502F /* Debug */ = {
			isa = XCBuildConfiguration;
			buildSettings = {
				ALWAYS_EMBED_SWIFT_STANDARD_LIBRARIES = YES;
				CODE_SIGN_STYLE = Automatic;
				DEVELOPMENT_TEAM = R3WNY975WB;
				INFOPLIST_FILE = "Test BitriseUITests/Info.plist";
				LD_RUNPATH_SEARCH_PATHS = (
					"$(inherited)",
					"@executable_path/Frameworks",
					"@loader_path/Frameworks",
				);
				PRODUCT_BUNDLE_IDENTIFIER = "com.example.someone.Test-BitriseUITests";
				PRODUCT_NAME = "$(TARGET_NAME)";
				SWIFT_VERSION = 5.0;
				TARGETED_DEVICE_FAMILY = "1,2";
				TEST_TARGET_NAME = "Test Bitrise";
			};
			name = Debug;
		};
		FC09825122E7EE35002B502F /* Release */ = {
			isa = XCBuildConfiguration;
			buildSettings = {
				ALWAYS_EMBED_SWIFT_STANDARD_LIBRARIES = YES;
				CODE_SIGN_STYLE = Automatic;
				DEVELOPMENT_TEAM = R3WNY975WB;
				INFOPLIST_FILE = "Test BitriseUITests/Info.plist";
				LD_RUNPATH_SEARCH_PATHS = (
					"$(inherited)",
					"@executable_path/Frameworks",
					"@loader_path/Frameworks",
				);
				PRODUCT_BUNDLE_IDENTIFIER = "com.example.someone.Test-BitriseUITests";
				PRODUCT_NAME = "$(TARGET_NAME)";
				SWIFT_VERSION = 5.0;
				TARGETED_DEVICE_FAMILY = "1,2";
				TEST_TARGET_NAME = "Test Bitrise";
			};
			name = Release;
		};
/* End XCBuildConfiguration section */

/* Begin XCConfigurationList section */
		FC09821C22E7EE35002B502F /* Build configuration list for PBXProject "Test Bitrise" */ = {
			isa = XCConfigurationList;
			buildConfigurations = (
				FC09824722E7EE35002B502F /* Debug */,
				FC09824822E7EE35002B502F /* Release */,
			);
			defaultConfigurationIsVisible = 0;
			defaultConfigurationName = Release;
		};
		FC09824922E7EE35002B502F /* Build configuration list for PBXNativeTarget "Test Bitrise" */ = {
			isa = XCConfigurationList;
			buildConfigurations = (
				FC09824A22E7EE35002B502F /* Debug */,
				FC09824B22E7EE35002B502F /* Release */,
			);
			defaultConfigurationIsVisible = 0;
			defaultConfigurationName = Release;
		};
		FC09824C22E7EE35002B502F /* Build configuration list for PBXNativeTarget "Test BitriseTests" */ = {
			isa = XCConfigurationList;
			buildConfigurations = (
				FC09824D22E7EE35002B502F /* Debug */,
				FC09824E22E7EE35002B502F /* Release */,
			);
			defaultConfigurationIsVisible = 0;
			defaultConfigurationName = Release;
		};
		FC09824F22E7EE35002B502F /* Build configuration list for PBXNativeTarget "Test BitriseUITests" */ = {
			isa = XCConfigurationList;
			buildConfigurations = (
				FC09825022E7EE35002B502F /* Debug */,
				FC09825122E7EE35002B502F /* Release */,
			);
			defaultConfigurationIsVisible = 0;
			defaultConfigurationName = Release;
		};
/* End XCConfigurationList section */
	};
	rootObject = FC09821922E7EE35002B502F /* Project object */;
}
